{
  "originHash" : "6c124c0eef2b16cbeb0b65af0218a81aaea470f61b6383d5d39fc96270729101",
  "pins" : [
    {
      "identity" : "alamofire",
      "kind" : "remoteSourceControl",
      "location" : "https://github.com/Alamofire/Alamofire.git",
      "state" : {
        "revision" : "513364f870f6bfc468f9d2ff0a95caccc10044c5",
        "version" : "5.10.2"
      }
    },
    {
      "identity" : "kakao-ios-sdk",
      "kind" : "remoteSourceControl",
      "location" : "https://github.com/kakao/kakao-ios-sdk",
      "state" : {
        "revision" : "f17e30773062d9df4c8e0e211da9ac22dfb2e5c1",
        "version" : "2.24.6"
      }
    },
    {
      "identity" : "naveridlogin-sdk-ios-swift",
      "kind" : "remoteSourceControl",
      "location" : "https://github.com/naver/naveridlogin-sdk-ios-swift",
      "state" : {
        "revision" : "13bf828da97408d2023cca03920e9f0fa5fcbe60",
        "version" : "5.0.1"
      }
    }
  ],
  "version" : 3
}
